
Microsoft Visual Studio Solution File, Format Version 12.00
# Visual Studio Version 16
VisualStudioVersion = 16.0.29230.47
MinimumVisualStudioVersion = 10.0.40219.1
Project("{8BC9CEB8-8B4A-11D0-8D11-00A0C91BC942}") = "mi_allocator", "mi_allocator\mi_allocator.vcxproj", "{DDD2CE74-4B30-4EF3-AC2A-B208463CFF5E}"
EndProject
Global
	GlobalSection(SolutionConfigurationPlatforms) = preSolution
		Debug|x64 = Debug|x64
		Debug|x86 = Debug|x86
		Release|x64 = Release|x64
		Release|x86 = Release|x86
	EndGlobalSection
	GlobalSection(ProjectConfigurationPlatforms) = postSolution
		{DDD2CE74-4B30-4EF3-AC2A-B208463CFF5E}.Debug|x64.ActiveCfg = Debug|x64
		{DDD2CE74-4B30-4EF3-AC2A-B208463CFF5E}.Debug|x64.Build.0 = Debug|x64
		{DDD2CE74-4B30-4EF3-AC2A-B208463CFF5E}.Debug|x86.ActiveCfg = Debug|Win32
		{DDD2CE74-4B30-4EF3-AC2A-B208463CFF5E}.Debug|x86.Build.0 = Debug|Win32
		{DDD2CE74-4B30-4EF3-AC2A-B208463CFF5E}.Release|x64.ActiveCfg = Release|x64
		{DDD2CE74-4B30-4EF3-AC2A-B208463CFF5E}.Release|x64.Build.0 = Release|x64
		{DDD2CE74-4B30-4EF3-AC2A-B208463CFF5E}.Release|x86.ActiveCfg = Release|Win32
		{DDD2CE74-4B30-4EF3-AC2A-B208463CFF5E}.Release|x86.Build.0 = Release|Win32
	EndGlobalSection
	GlobalSection(SolutionProperties) = preSolution
		HideSolutionNode = FALSE
	EndGlobalSection
	GlobalSection(ExtensibilityGlobals) = postSolution
		SolutionGuid = {524AC4F4-54DF-4BB8-A406-5948B558F6AE}
	EndGlobalSection
EndGlobal
